// !$*UTF8*$!
{
	archiveVersion = 1;
	classes = {
	};
	objectVersion = 46;
	objects = {

/* Begin PBXBuildFile section */
		A9263C04172993F7009844D4 /* iTunesStoreCell.m in Sources */ = {isa = PBXBuildFile; fileRef = A9263C03172993F7009844D4 /* iTunesStoreCell.m */; };
		A9263C06172996C5009844D4 /* QuartzCore.framework in Frameworks */ = {isa = PBXBuildFile; fileRef = A9263C05172996C5009844D4 /* QuartzCore.framework */; };
		A9263C191729A238009844D4 /* 0Star@2x.png in Resources */ = {isa = PBXBuildFile; fileRef = A9263C131729A238009844D4 /* 0Star@2x.png */; };
		A9263C1A1729A238009844D4 /* 1Star@2x.png in Resources */ = {isa = PBXBuildFile; fileRef = A9263C141729A238009844D4 /* 1Star@2x.png */; };
		A9263C1B1729A238009844D4 /* 2Star@2x.png in Resources */ = {isa = PBXBuildFile; fileRef = A9263C151729A238009844D4 /* 2Star@2x.png */; };
		A9263C1C1729A238009844D4 /* 3Star@2x.png in Resources */ = {isa = PBXBuildFile; fileRef = A9263C161729A238009844D4 /* 3Star@2x.png */; };
		A9263C1D1729A238009844D4 /* 4Star@2x.png in Resources */ = {isa = PBXBuildFile; fileRef = A9263C171729A238009844D4 /* 4Star@2x.png */; };
		A9263C1E1729A238009844D4 /* 5Star@2x.png in Resources */ = {isa = PBXBuildFile; fileRef = A9263C181729A238009844D4 /* 5Star@2x.png */; };
		A9263C251729A340009844D4 /* 5Star.png in Resources */ = {isa = PBXBuildFile; fileRef = A9263C1F1729A33F009844D4 /* 5Star.png */; };
		A9263C261729A340009844D4 /* 4Star.png in Resources */ = {isa = PBXBuildFile; fileRef = A9263C201729A33F009844D4 /* 4Star.png */; };
		A9263C271729A340009844D4 /* 3Star.png in Resources */ = {isa = PBXBuildFile; fileRef = A9263C211729A340009844D4 /* 3Star.png */; };
		A9263C281729A340009844D4 /* 2Star.png in Resources */ = {isa = PBXBuildFile; fileRef = A9263C221729A340009844D4 /* 2Star.png */; };
		A9263C291729A340009844D4 /* 1Star.png in Resources */ = {isa = PBXBuildFile; fileRef = A9263C231729A340009844D4 /* 1Star.png */; };
		A9263C2A1729A340009844D4 /* 0Star.png in Resources */ = {isa = PBXBuildFile; fileRef = A9263C241729A340009844D4 /* 0Star.png */; };
		A9263C2C172A02A8009844D4 /* NoDataView.xib in Resources */ = {isa = PBXBuildFile; fileRef = A9263C2B172A02A8009844D4 /* NoDataView.xib */; };
		A92DEC8817283A9700FE1293 /* ISFavoritesCollectionViewController.m in Sources */ = {isa = PBXBuildFile; fileRef = A92DEC8717283A9700FE1293 /* ISFavoritesCollectionViewController.m */; };
		A92DEC8C17283FC700FE1293 /* ISDataFetchSingleton.m in Sources */ = {isa = PBXBuildFile; fileRef = A92DEC8B17283FC700FE1293 /* ISDataFetchSingleton.m */; };
		A92DEC8F1728402400FE1293 /* CoreDataModel.xcdatamodeld in Sources */ = {isa = PBXBuildFile; fileRef = A92DEC8D1728402400FE1293 /* CoreDataModel.xcdatamodeld */; };
		A92DEC931728431600FE1293 /* GTMHTTPFetcher.m in Sources */ = {isa = PBXBuildFile; fileRef = A92DEC91172842AB00FE1293 /* GTMHTTPFetcher.m */; settings = {COMPILER_FLAGS = "-fno-objc-arc"; }; };
		A98F9D911728E4C20042D25C /* ISSearchViewController.m in Sources */ = {isa = PBXBuildFile; fileRef = A98F9D901728E4C20042D25C /* ISSearchViewController.m */; };
		A997AF1417273E44009D5D13 /* UIKit.framework in Frameworks */ = {isa = PBXBuildFile; fileRef = A997AF1317273E44009D5D13 /* UIKit.framework */; };
		A997AF1617273E44009D5D13 /* Foundation.framework in Frameworks */ = {isa = PBXBuildFile; fileRef = A997AF1517273E44009D5D13 /* Foundation.framework */; };
		A997AF1817273E44009D5D13 /* CoreGraphics.framework in Frameworks */ = {isa = PBXBuildFile; fileRef = A997AF1717273E44009D5D13 /* CoreGraphics.framework */; };
		A997AF1E17273E44009D5D13 /* InfoPlist.strings in Resources */ = {isa = PBXBuildFile; fileRef = A997AF1C17273E44009D5D13 /* InfoPlist.strings */; };
		A997AF2017273E44009D5D13 /* main.m in Sources */ = {isa = PBXBuildFile; fileRef = A997AF1F17273E44009D5D13 /* main.m */; };
		A997AF2417273E44009D5D13 /* ISAppDelegate.m in Sources */ = {isa = PBXBuildFile; fileRef = A997AF2317273E44009D5D13 /* ISAppDelegate.m */; };
		A997AF2617273E44009D5D13 /* Default.png in Resources */ = {isa = PBXBuildFile; fileRef = A997AF2517273E44009D5D13 /* Default.png */; };
		A997AF2817273E44009D5D13 /* Default@2x.png in Resources */ = {isa = PBXBuildFile; fileRef = A997AF2717273E44009D5D13 /* Default@2x.png */; };
		A997AF2A17273E44009D5D13 /* Default-568h@2x.png in Resources */ = {isa = PBXBuildFile; fileRef = A997AF2917273E44009D5D13 /* Default-568h@2x.png */; };
		A997AF2D17273E44009D5D13 /* MainStoryboard_iPhone.storyboard in Resources */ = {isa = PBXBuildFile; fileRef = A997AF2B17273E44009D5D13 /* MainStoryboard_iPhone.storyboard */; };
		A997AF3017273E44009D5D13 /* MainStoryboard_iPad.storyboard in Resources */ = {isa = PBXBuildFile; fileRef = A997AF2E17273E44009D5D13 /* MainStoryboard_iPad.storyboard */; };
		A997AF471727430D009D5D13 /* magnify.png in Resources */ = {isa = PBXBuildFile; fileRef = A997AF451727430D009D5D13 /* magnify.png */; };
		A997AF481727430D009D5D13 /* magnify@2x.png in Resources */ = {isa = PBXBuildFile; fileRef = A997AF461727430D009D5D13 /* magnify@2x.png */; };
		A997AF4B17274379009D5D13 /* star.png in Resources */ = {isa = PBXBuildFile; fileRef = A997AF4917274379009D5D13 /* star.png */; };
		A997AF4C17274379009D5D13 /* star@2x.png in Resources */ = {isa = PBXBuildFile; fileRef = A997AF4A17274379009D5D13 /* star@2x.png */; };
/* End PBXBuildFile section */

/* Begin PBXFileReference section */
		A9263C02172993F7009844D4 /* iTunesStoreCell.h */ = {isa = PBXFileReference; fileEncoding = 4; lastKnownFileType = sourcecode.c.h; name = iTunesStoreCell.h; path = View/iTunesStoreCell.h; sourceTree = "<group>"; };
		A9263C03172993F7009844D4 /* iTunesStoreCell.m */ = {isa = PBXFileReference; fileEncoding = 4; lastKnownFileType = sourcecode.c.objc; name = iTunesStoreCell.m; path = View/iTunesStoreCell.m; sourceTree = "<group>"; };
		A9263C05172996C5009844D4 /* QuartzCore.framework */ = {isa = PBXFileReference; lastKnownFileType = wrapper.framework; name = QuartzCore.framework; path = System/Library/Frameworks/QuartzCore.framework; sourceTree = SDKROOT; };
		A9263C131729A238009844D4 /* 0Star@2x.png */ = {isa = PBXFileReference; lastKnownFileType = image.png; path = "0Star@2x.png"; sourceTree = "<group>"; };
		A9263C141729A238009844D4 /* 1Star@2x.png */ = {isa = PBXFileReference; lastKnownFileType = image.png; path = "1Star@2x.png"; sourceTree = "<group>"; };
		A9263C151729A238009844D4 /* 2Star@2x.png */ = {isa = PBXFileReference; lastKnownFileType = image.png; path = "2Star@2x.png"; sourceTree = "<group>"; };
		A9263C161729A238009844D4 /* 3Star@2x.png */ = {isa = PBXFileReference; lastKnownFileType = image.png; path = "3Star@2x.png"; sourceTree = "<group>"; };
		A9263C171729A238009844D4 /* 4Star@2x.png */ = {isa = PBXFileReference; lastKnownFileType = image.png; path = "4Star@2x.png"; sourceTree = "<group>"; };
		A9263C181729A238009844D4 /* 5Star@2x.png */ = {isa = PBXFileReference; lastKnownFileType = image.png; path = "5Star@2x.png"; sourceTree = "<group>"; };
		A9263C1F1729A33F009844D4 /* 5Star.png */ = {isa = PBXFileReference; lastKnownFileType = image.png; path = 5Star.png; sourceTree = "<group>"; };
		A9263C201729A33F009844D4 /* 4Star.png */ = {isa = PBXFileReference; lastKnownFileType = image.png; path = 4Star.png; sourceTree = "<group>"; };
		A9263C211729A340009844D4 /* 3Star.png */ = {isa = PBXFileReference; lastKnownFileType = image.png; path = 3Star.png; sourceTree = "<group>"; };
		A9263C221729A340009844D4 /* 2Star.png */ = {isa = PBXFileReference; lastKnownFileType = image.png; path = 2Star.png; sourceTree = "<group>"; };
		A9263C231729A340009844D4 /* 1Star.png */ = {isa = PBXFileReference; lastKnownFileType = image.png; path = 1Star.png; sourceTree = "<group>"; };
		A9263C241729A340009844D4 /* 0Star.png */ = {isa = PBXFileReference; lastKnownFileType = image.png; path = 0Star.png; sourceTree = "<group>"; };
		A9263C2B172A02A8009844D4 /* NoDataView.xib */ = {isa = PBXFileReference; fileEncoding = 4; lastKnownFileType = file.xib; name = NoDataView.xib; path = View/NoDataView.xib; sourceTree = "<group>"; };
		A92DEC8617283A9700FE1293 /* ISFavoritesCollectionViewController.h */ = {isa = PBXFileReference; fileEncoding = 4; lastKnownFileType = sourcecode.c.h; name = ISFavoritesCollectionViewController.h; path = ViewControllers/ISFavoritesCollectionViewController.h; sourceTree = "<group>"; };
		A92DEC8717283A9700FE1293 /* ISFavoritesCollectionViewController.m */ = {isa = PBXFileReference; fileEncoding = 4; lastKnownFileType = sourcecode.c.objc; name = ISFavoritesCollectionViewController.m; path = ViewControllers/ISFavoritesCollectionViewController.m; sourceTree = "<group>"; };
		A92DEC8A17283FC700FE1293 /* ISDataFetchSingleton.h */ = {isa = PBXFileReference; fileEncoding = 4; lastKnownFileType = sourcecode.c.h; name = ISDataFetchSingleton.h; path = Model/ISDataFetchSingleton.h; sourceTree = "<group>"; };
		A92DEC8B17283FC700FE1293 /* ISDataFetchSingleton.m */ = {isa = PBXFileReference; fileEncoding = 4; lastKnownFileType = sourcecode.c.objc; name = ISDataFetchSingleton.m; path = Model/ISDataFetchSingleton.m; sourceTree = "<group>"; };
		A92DEC8E1728402400FE1293 /* CoreDataModel.xcdatamodel */ = {isa = PBXFileReference; lastKnownFileType = wrapper.xcdatamodel; path = CoreDataModel.xcdatamodel; sourceTree = "<group>"; };
		A92DEC90172842AB00FE1293 /* GTMHTTPFetcher.h */ = {isa = PBXFileReference; lastKnownFileType = sourcecode.c.h; path = GTMHTTPFetcher.h; sourceTree = "<group>"; };
		A92DEC91172842AB00FE1293 /* GTMHTTPFetcher.m */ = {isa = PBXFileReference; lastKnownFileType = sourcecode.c.objc; path = GTMHTTPFetcher.m; sourceTree = "<group>"; };
		A98F9D8F1728E4C20042D25C /* ISSearchViewController.h */ = {isa = PBXFileReference; fileEncoding = 4; lastKnownFileType = sourcecode.c.h; name = ISSearchViewController.h; path = ViewControllers/ISSearchViewController.h; sourceTree = "<group>"; };
		A98F9D901728E4C20042D25C /* ISSearchViewController.m */ = {isa = PBXFileReference; fileEncoding = 4; lastKnownFileType = sourcecode.c.objc; name = ISSearchViewController.m; path = ViewControllers/ISSearchViewController.m; sourceTree = "<group>"; };
		A997AF1017273E44009D5D13 /* iTunesStore.app */ = {isa = PBXFileReference; explicitFileType = wrapper.application; includeInIndex = 0; path = iTunesStore.app; sourceTree = BUILT_PRODUCTS_DIR; };
		A997AF1317273E44009D5D13 /* UIKit.framework */ = {isa = PBXFileReference; lastKnownFileType = wrapper.framework; name = UIKit.framework; path = System/Library/Frameworks/UIKit.framework; sourceTree = SDKROOT; };
		A997AF1517273E44009D5D13 /* Foundation.framework */ = {isa = PBXFileReference; lastKnownFileType = wrapper.framework; name = Foundation.framework; path = System/Library/Frameworks/Foundation.framework; sourceTree = SDKROOT; };
		A997AF1717273E44009D5D13 /* CoreGraphics.framework */ = {isa = PBXFileReference; lastKnownFileType = wrapper.framework; name = CoreGraphics.framework; path = System/Library/Frameworks/CoreGraphics.framework; sourceTree = SDKROOT; };
		A997AF1B17273E44009D5D13 /* iTunesStore-Info.plist */ = {isa = PBXFileReference; lastKnownFileType = text.plist.xml; path = "iTunesStore-Info.plist"; sourceTree = "<group>"; };
		A997AF1D17273E44009D5D13 /* en */ = {isa = PBXFileReference; lastKnownFileType = text.plist.strings; name = en; path = en.lproj/InfoPlist.strings; sourceTree = "<group>"; };
		A997AF1F17273E44009D5D13 /* main.m */ = {isa = PBXFileReference; lastKnownFileType = sourcecode.c.objc; path = main.m; sourceTree = "<group>"; };
		A997AF2117273E44009D5D13 /* iTunesStore-Prefix.pch */ = {isa = PBXFileReference; lastKnownFileType = sourcecode.c.h; path = "iTunesStore-Prefix.pch"; sourceTree = "<group>"; };
		A997AF2217273E44009D5D13 /* ISAppDelegate.h */ = {isa = PBXFileReference; lastKnownFileType = sourcecode.c.h; path = ISAppDelegate.h; sourceTree = "<group>"; };
		A997AF2317273E44009D5D13 /* ISAppDelegate.m */ = {isa = PBXFileReference; lastKnownFileType = sourcecode.c.objc; path = ISAppDelegate.m; sourceTree = "<group>"; };
		A997AF2517273E44009D5D13 /* Default.png */ = {isa = PBXFileReference; lastKnownFileType = image.png; path = Default.png; sourceTree = "<group>"; };
		A997AF2717273E44009D5D13 /* Default@2x.png */ = {isa = PBXFileReference; lastKnownFileType = image.png; path = "Default@2x.png"; sourceTree = "<group>"; };
		A997AF2917273E44009D5D13 /* Default-568h@2x.png */ = {isa = PBXFileReference; lastKnownFileType = image.png; path = "Default-568h@2x.png"; sourceTree = "<group>"; };
		A997AF2C17273E44009D5D13 /* en */ = {isa = PBXFileReference; lastKnownFileType = file.storyboard; name = en; path = en.lproj/MainStoryboard_iPhone.storyboard; sourceTree = "<group>"; };
		A997AF2F17273E44009D5D13 /* en */ = {isa = PBXFileReference; lastKnownFileType = file.storyboard; name = en; path = en.lproj/MainStoryboard_iPad.storyboard; sourceTree = "<group>"; };
		A997AF451727430D009D5D13 /* magnify.png */ = {isa = PBXFileReference; lastKnownFileType = image.png; path = magnify.png; sourceTree = "<group>"; };
		A997AF461727430D009D5D13 /* magnify@2x.png */ = {isa = PBXFileReference; lastKnownFileType = image.png; path = "magnify@2x.png"; sourceTree = "<group>"; };
		A997AF4917274379009D5D13 /* star.png */ = {isa = PBXFileReference; lastKnownFileType = image.png; path = star.png; sourceTree = "<group>"; };
		A997AF4A17274379009D5D13 /* star@2x.png */ = {isa = PBXFileReference; lastKnownFileType = image.png; path = "star@2x.png"; sourceTree = "<group>"; };
/* End PBXFileReference section */

/* Begin PBXFrameworksBuildPhase section */
		A997AF0D17273E44009D5D13 /* Frameworks */ = {
			isa = PBXFrameworksBuildPhase;
			buildActionMask = 2147483647;
			files = (
				A9263C06172996C5009844D4 /* QuartzCore.framework in Frameworks */,
				A997AF1417273E44009D5D13 /* UIKit.framework in Frameworks */,
				A997AF1617273E44009D5D13 /* Foundation.framework in Frameworks */,
				A997AF1817273E44009D5D13 /* CoreGraphics.framework in Frameworks */,
			);
			runOnlyForDeploymentPostprocessing = 0;
		};
/* End PBXFrameworksBuildPhase section */

/* Begin PBXGroup section */
		A9263C01172993BF009844D4 /* View */ = {
			isa = PBXGroup;
			children = (
				A9263C02172993F7009844D4 /* iTunesStoreCell.h */,
				A9263C03172993F7009844D4 /* iTunesStoreCell.m */,
				A9263C2B172A02A8009844D4 /* NoDataView.xib */,
			);
			name = View;
			sourceTree = "<group>";
		};
		A92DEC8517283A7800FE1293 /* ViewControllers */ = {
			isa = PBXGroup;
			children = (
				A98F9D8F1728E4C20042D25C /* ISSearchViewController.h */,
				A98F9D901728E4C20042D25C /* ISSearchViewController.m */,
				A92DEC8617283A9700FE1293 /* ISFavoritesCollectionViewController.h */,
				A92DEC8717283A9700FE1293 /* ISFavoritesCollectionViewController.m */,
			);
			name = ViewControllers;
			sourceTree = "<group>";
		};
		A92DEC8917283F9100FE1293 /* Model */ = {
			isa = PBXGroup;
			children = (
				A92DEC8A17283FC700FE1293 /* ISDataFetchSingleton.h */,
				A92DEC8B17283FC700FE1293 /* ISDataFetchSingleton.m */,
				A92DEC8D1728402400FE1293 /* CoreDataModel.xcdatamodeld */,
			);
			name = Model;
			sourceTree = "<group>";
		};
		A997AF0717273E44009D5D13 = {
			isa = PBXGroup;
			children = (
				A9263C05172996C5009844D4 /* QuartzCore.framework */,
				A997AF1917273E44009D5D13 /* iTunesStore */,
				A997AF1217273E44009D5D13 /* Frameworks */,
				A997AF1117273E44009D5D13 /* Products */,
			);
			sourceTree = "<group>";
		};
		A997AF1117273E44009D5D13 /* Products */ = {
			isa = PBXGroup;
			children = (
				A997AF1017273E44009D5D13 /* iTunesStore.app */,
			);
			name = Products;
			sourceTree = "<group>";
		};
		A997AF1217273E44009D5D13 /* Frameworks */ = {
			isa = PBXGroup;
			children = (
				A997AF1317273E44009D5D13 /* UIKit.framework */,
				A997AF1517273E44009D5D13 /* Foundation.framework */,
				A997AF1717273E44009D5D13 /* CoreGraphics.framework */,
			);
			name = Frameworks;
			sourceTree = "<group>";
		};
		A997AF1917273E44009D5D13 /* iTunesStore */ = {
			isa = PBXGroup;
			children = (
				A997AF2217273E44009D5D13 /* ISAppDelegate.h */,
				A997AF2317273E44009D5D13 /* ISAppDelegate.m */,
				A997AF2B17273E44009D5D13 /* MainStoryboard_iPhone.storyboard */,
				A997AF2E17273E44009D5D13 /* MainStoryboard_iPad.storyboard */,
				A9263C01172993BF009844D4 /* View */,
				A92DEC8517283A7800FE1293 /* ViewControllers */,
				A92DEC8917283F9100FE1293 /* Model */,
				A997AF1A17273E44009D5D13 /* Supporting Files */,
			);
			path = iTunesStore;
			sourceTree = "<group>";
		};
		A997AF1A17273E44009D5D13 /* Supporting Files */ = {
			isa = PBXGroup;
			children = (
				A997AF44172740B8009D5D13 /* Icons */,
				A92DEC90172842AB00FE1293 /* GTMHTTPFetcher.h */,
				A92DEC91172842AB00FE1293 /* GTMHTTPFetcher.m */,
				A997AF1B17273E44009D5D13 /* iTunesStore-Info.plist */,
				A997AF1C17273E44009D5D13 /* InfoPlist.strings */,
				A997AF1F17273E44009D5D13 /* main.m */,
				A997AF2117273E44009D5D13 /* iTunesStore-Prefix.pch */,
				A997AF2517273E44009D5D13 /* Default.png */,
				A997AF2717273E44009D5D13 /* Default@2x.png */,
				A997AF2917273E44009D5D13 /* Default-568h@2x.png */,
			);
			name = "Supporting Files";
			sourceTree = "<group>";
		};
		A997AF44172740B8009D5D13 /* Icons */ = {
			isa = PBXGroup;
			children = (
				A997AF451727430D009D5D13 /* magnify.png */,
				A997AF461727430D009D5D13 /* magnify@2x.png */,
				A997AF4917274379009D5D13 /* star.png */,
				A997AF4A17274379009D5D13 /* star@2x.png */,
				A9263C131729A238009844D4 /* 0Star@2x.png */,
				A9263C141729A238009844D4 /* 1Star@2x.png */,
				A9263C151729A238009844D4 /* 2Star@2x.png */,
				A9263C161729A238009844D4 /* 3Star@2x.png */,
				A9263C171729A238009844D4 /* 4Star@2x.png */,
				A9263C181729A238009844D4 /* 5Star@2x.png */,
				A9263C1F1729A33F009844D4 /* 5Star.png */,
				A9263C201729A33F009844D4 /* 4Star.png */,
				A9263C211729A340009844D4 /* 3Star.png */,
				A9263C221729A340009844D4 /* 2Star.png */,
				A9263C231729A340009844D4 /* 1Star.png */,
				A9263C241729A340009844D4 /* 0Star.png */,
			);
			name = Icons;
			sourceTree = "<group>";
		};
/* End PBXGroup section */

/* Begin PBXNativeTarget section */
		A997AF0F17273E44009D5D13 /* iTunesStore */ = {
			isa = PBXNativeTarget;
			buildConfigurationList = A997AF4117273E44009D5D13 /* Build configuration list for PBXNativeTarget "iTunesStore" */;
			buildPhases = (
				A997AF0C17273E44009D5D13 /* Sources */,
				A997AF0D17273E44009D5D13 /* Frameworks */,
				A997AF0E17273E44009D5D13 /* Resources */,
			);
			buildRules = (
			);
			dependencies = (
			);
			name = iTunesStore;
			productName = iTunesStore;
			productReference = A997AF1017273E44009D5D13 /* iTunesStore.app */;
			productType = "com.apple.product-type.application";
		};
/* End PBXNativeTarget section */

/* Begin PBXProject section */
		A997AF0817273E44009D5D13 /* Project object */ = {
			isa = PBXProject;
			attributes = {
				CLASSPREFIX = IS;
				LastUpgradeCheck = 0460;
				ORGANIZATIONNAME = "Alex Silva";
			};
			buildConfigurationList = A997AF0B17273E44009D5D13 /* Build configuration list for PBXProject "iTunesStore" */;
			compatibilityVersion = "Xcode 3.2";
			developmentRegion = English;
			hasScannedForEncodings = 0;
			knownRegions = (
				en,
			);
			mainGroup = A997AF0717273E44009D5D13;
			productRefGroup = A997AF1117273E44009D5D13 /* Products */;
			projectDirPath = "";
			projectRoot = "";
			targets = (
				A997AF0F17273E44009D5D13 /* iTunesStore */,
			);
		};
/* End PBXProject section */

/* Begin PBXResourcesBuildPhase section */
		A997AF0E17273E44009D5D13 /* Resources */ = {
			isa = PBXResourcesBuildPhase;
			buildActionMask = 2147483647;
			files = (
				A997AF1E17273E44009D5D13 /* InfoPlist.strings in Resources */,
				A997AF2617273E44009D5D13 /* Default.png in Resources */,
				A997AF2817273E44009D5D13 /* Default@2x.png in Resources */,
				A997AF2A17273E44009D5D13 /* Default-568h@2x.png in Resources */,
				A997AF2D17273E44009D5D13 /* MainStoryboard_iPhone.storyboard in Resources */,
				A997AF3017273E44009D5D13 /* MainStoryboard_iPad.storyboard in Resources */,
				A997AF471727430D009D5D13 /* magnify.png in Resources */,
				A997AF481727430D009D5D13 /* magnify@2x.png in Resources */,
				A997AF4B17274379009D5D13 /* star.png in Resources */,
				A997AF4C17274379009D5D13 /* star@2x.png in Resources */,
				A9263C191729A238009844D4 /* 0Star@2x.png in Resources */,
				A9263C1A1729A238009844D4 /* 1Star@2x.png in Resources */,
				A9263C1B1729A238009844D4 /* 2Star@2x.png in Resources */,
				A9263C1C1729A238009844D4 /* 3Star@2x.png in Resources */,
				A9263C1D1729A238009844D4 /* 4Star@2x.png in Resources */,
				A9263C1E1729A238009844D4 /* 5Star@2x.png in Resources */,
				A9263C251729A340009844D4 /* 5Star.png in Resources */,
				A9263C261729A340009844D4 /* 4Star.png in Resources */,
				A9263C271729A340009844D4 /* 3Star.png in Resources */,
				A9263C281729A340009844D4 /* 2Star.png in Resources */,
				A9263C291729A340009844D4 /* 1Star.png in Resources */,
				A9263C2A1729A340009844D4 /* 0Star.png in Resources */,
				A9263C2C172A02A8009844D4 /* NoDataView.xib in Resources */,
			);
			runOnlyForDeploymentPostprocessing = 0;
		};
/* End PBXResourcesBuildPhase section */

/* Begin PBXSourcesBuildPhase section */
		A997AF0C17273E44009D5D13 /* Sources */ = {
			isa = PBXSourcesBuildPhase;
			buildActionMask = 2147483647;
			files = (
				A92DEC931728431600FE1293 /* GTMHTTPFetcher.m in Sources */,
				A997AF2017273E44009D5D13 /* main.m in Sources */,
				A997AF2417273E44009D5D13 /* ISAppDelegate.m in Sources */,
				A92DEC8817283A9700FE1293 /* ISFavoritesCollectionViewController.m in Sources */,
				A92DEC8C17283FC700FE1293 /* ISDataFetchSingleton.m in Sources */,
				A92DEC8F1728402400FE1293 /* CoreDataModel.xcdatamodeld in Sources */,
				A98F9D911728E4C20042D25C /* ISSearchViewController.m in Sources */,
				A9263C04172993F7009844D4 /* iTunesStoreCell.m in Sources */,
			);
			runOnlyForDeploymentPostprocessing = 0;
		};
/* End PBXSourcesBuildPhase section */

/* Begin PBXVariantGroup section */
		A997AF1C17273E44009D5D13 /* InfoPlist.strings */ = {
			isa = PBXVariantGroup;
			children = (
				A997AF1D17273E44009D5D13 /* en */,
			);
			name = InfoPlist.strings;
			sourceTree = "<group>";
		};
		A997AF2B17273E44009D5D13 /* MainStoryboard_iPhone.storyboard */ = {
			isa = PBXVariantGroup;
			children = (
				A997AF2C17273E44009D5D13 /* en */,
			);
			name = MainStoryboard_iPhone.storyboard;
			sourceTree = "<group>";
		};
		A997AF2E17273E44009D5D13 /* MainStoryboard_iPad.storyboard */ = {
			isa = PBXVariantGroup;
			children = (
				A997AF2F17273E44009D5D13 /* en */,
			);
			name = MainStoryboard_iPad.storyboard;
			sourceTree = "<group>";
		};
/* End PBXVariantGroup section */

/* Begin XCBuildConfiguration section */
		A997AF3F17273E44009D5D13 /* Debug */ = {
			isa = XCBuildConfiguration;
			buildSettings = {
				ALWAYS_SEARCH_USER_PATHS = NO;
				CLANG_CXX_LANGUAGE_STANDARD = "gnu++0x";
				CLANG_CXX_LIBRARY = "libc++";
				CLANG_ENABLE_OBJC_ARC = YES;
				CLANG_WARN_CONSTANT_CONVERSION = YES;
				CLANG_WARN_EMPTY_BODY = YES;
				CLANG_WARN_ENUM_CONVERSION = YES;
				CLANG_WARN_INT_CONVERSION = YES;
				CLANG_WARN__DUPLICATE_METHOD_MATCH = YES;
				"CODE_SIGN_IDENTITY[sdk=iphoneos*]" = "iPhone Developer";
				COPY_PHASE_STRIP = NO;
				GCC_C_LANGUAGE_STANDARD = gnu99;
				GCC_DYNAMIC_NO_PIC = NO;
				GCC_OPTIMIZATION_LEVEL = 0;
				GCC_PREPROCESSOR_DEFINITIONS = (
					"DEBUG=1",
					"$(inherited)",
				);
				GCC_SYMBOLS_PRIVATE_EXTERN = NO;
				GCC_WARN_ABOUT_RETURN_TYPE = YES;
				GCC_WARN_UNINITIALIZED_AUTOS = YES;
				GCC_WARN_UNUSED_VARIABLE = YES;
				IPHONEOS_DEPLOYMENT_TARGET = 6.1;
				ONLY_ACTIVE_ARCH = YES;
				SDKROOT = iphoneos;
				TARGETED_DEVICE_FAMILY = "1,2";
			};
			name = Debug;
		};
		A997AF4017273E44009D5D13 /* Release */ = {
			isa = XCBuildConfiguration;
			buildSettings = {
				ALWAYS_SEARCH_USER_PATHS = NO;
				CLANG_CXX_LANGUAGE_STANDARD = "gnu++0x";
				CLANG_CXX_LIBRARY = "libc++";
				CLANG_ENABLE_OBJC_ARC = YES;
				CLANG_WARN_CONSTANT_CONVERSION = YES;
				CLANG_WARN_EMPTY_BODY = YES;
				CLANG_WARN_ENUM_CONVERSION = YES;
				CLANG_WARN_INT_CONVERSION = YES;
				CLANG_WARN__DUPLICATE_METHOD_MATCH = YES;
				"CODE_SIGN_IDENTITY[sdk=iphoneos*]" = "iPhone Developer";
				COPY_PHASE_STRIP = YES;
				GCC_C_LANGUAGE_STANDARD = gnu99;
				GCC_WARN_ABOUT_RETURN_TYPE = YES;
				GCC_WARN_UNINITIALIZED_AUTOS = YES;
				GCC_WARN_UNUSED_VARIABLE = YES;
				IPHONEOS_DEPLOYMENT_TARGET = 6.1;
				OTHER_CFLAGS = "-DNS_BLOCK_ASSERTIONS=1";
				SDKROOT = iphoneos;
				TARGETED_DEVICE_FAMILY = "1,2";
				VALIDATE_PRODUCT = YES;
			};
			name = Release;
		};
		A997AF4217273E44009D5D13 /* Debug */ = {
			isa = XCBuildConfiguration;
			buildSettings = {
				GCC_PRECOMPILE_PREFIX_HEADER = YES;
				GCC_PREFIX_HEADER = "iTunesStore/iTunesStore-Prefix.pch";
				INFOPLIST_FILE = "iTunesStore/iTunesStore-Info.plist";
				PRODUCT_NAME = "$(TARGET_NAME)";
				WRAPPER_EXTENSION = app;
			};
			name = Debug;
		};
		A997AF4317273E44009D5D13 /* Release */ = {
			isa = XCBuildConfiguration;
			buildSettings = {
				GCC_PRECOMPILE_PREFIX_HEADER = YES;
				GCC_PREFIX_HEADER = "iTunesStore/iTunesStore-Prefix.pch";
				INFOPLIST_FILE = "iTunesStore/iTunesStore-Info.plist";
				PRODUCT_NAME = "$(TARGET_NAME)";
				WRAPPER_EXTENSION = app;
			};
			name = Release;
		};
/* End XCBuildConfiguration section */

/* Begin XCConfigurationList section */
		A997AF0B17273E44009D5D13 /* Build configuration list for PBXProject "iTunesStore" */ = {
			isa = XCConfigurationList;
			buildConfigurations = (
				A997AF3F17273E44009D5D13 /* Debug */,
				A997AF4017273E44009D5D13 /* Release */,
			);
			defaultConfigurationIsVisible = 0;
			defaultConfigurationName = Release;
		};
		A997AF4117273E44009D5D13 /* Build configuration list for PBXNativeTarget "iTunesStore" */ = {
			isa = XCConfigurationList;
			buildConfigurations = (
				A997AF4217273E44009D5D13 /* Debug */,
				A997AF4317273E44009D5D13 /* Release */,
			);
			defaultConfigurationIsVisible = 0;
			defaultConfigurationName = Release;
		};
/* End XCConfigurationList section */

/* Begin XCVersionGroup section */
		A92DEC8D1728402400FE1293 /* CoreDataModel.xcdatamodeld */ = {
			isa = XCVersionGroup;
			children = (
				A92DEC8E1728402400FE1293 /* CoreDataModel.xcdatamodel */,
			);
			currentVersion = A92DEC8E1728402400FE1293 /* CoreDataModel.xcdatamodel */;
			name = CoreDataModel.xcdatamodeld;
			path = Model/CoreDataModel.xcdatamodeld;
			sourceTree = "<group>";
			versionGroupType = wrapper.xcdatamodel;
		};
/* End XCVersionGroup section */
	};
	rootObject = A997AF0817273E44009D5D13 /* Project object */;
}
